
Microsoft Visual Studio Solution File, Format Version 12.00
# Visual Studio Version 17
VisualStudioVersion = 17.5.33424.131
MinimumVisualStudioVersion = 10.0.40219.1
Project("{FAE04EC0-301F-11D3-BF4B-00C04F79EFBC}") = "SymlinkMaker", "SymlinkMaker\SymlinkMaker.csproj", "{B09BBD36-B12F-49C5-A656-E5D6885422A4}"
EndProject
Global
	GlobalSection(SolutionConfigurationPlatforms) = preSolution
		Debug|Any CPU = Debug|Any CPU
		Release|Any CPU = Release|Any CPU
	EndGlobalSection
	GlobalSection(ProjectConfigurationPlatforms) = postSolution
		{B09BBD36-B12F-49C5-A656-E5D6885422A4}.Debug|Any CPU.ActiveCfg = Debug|Any CPU
		{B09BBD36-B12F-49C5-A656-E5D6885422A4}.Debug|Any CPU.Build.0 = Debug|Any CPU
		{B09BBD36-B12F-49C5-A656-E5D6885422A4}.Release|Any CPU.ActiveCfg = Release|Any CPU
		{B09BBD36-B12F-49C5-A656-E5D6885422A4}.Release|Any CPU.Build.0 = Release|Any CPU
	EndGlobalSection
	GlobalSection(SolutionProperties) = preSolution
		HideSolutionNode = FALSE
	EndGlobalSection
	GlobalSection(ExtensibilityGlobals) = postSolution
		SolutionGuid = {D6F2016A-271C-4ACB-BD62-6BBC24781AF1}
	EndGlobalSection
EndGlobal
